// !$*UTF8*$!
{
	archiveVersion = 1;
	classes = {
	};
	objectVersion = 46;
	objects = {

/* Begin PBXBuildFile section */
		6505AE461F429F11000BED1C /* AddTaskTableViewController.swift in Sources */ = {isa = PBXBuildFile; fileRef = 6505AE451F429F11000BED1C /* AddTaskTableViewController.swift */; };
		6505AE881F474B9D000BED1C /* ChartViewController.swift in Sources */ = {isa = PBXBuildFile; fileRef = 6505AE871F474B9D000BED1C /* ChartViewController.swift */; };
		6595E8B01F320668004C8CCA /* AppDelegate.swift in Sources */ = {isa = PBXBuildFile; fileRef = 6595E8AF1F320668004C8CCA /* AppDelegate.swift */; };
		6595E8B21F320668004C8CCA /* AddProjectViewController.swift in Sources */ = {isa = PBXBuildFile; fileRef = 6595E8B11F320668004C8CCA /* AddProjectViewController.swift */; };
		6595E8B51F320668004C8CCA /* Main.storyboard in Resources */ = {isa = PBXBuildFile; fileRef = 6595E8B31F320668004C8CCA /* Main.storyboard */; };
		6595E8B71F320668004C8CCA /* Assets.xcassets in Resources */ = {isa = PBXBuildFile; fileRef = 6595E8B61F320668004C8CCA /* Assets.xcassets */; };
		6595E8BA1F320668004C8CCA /* LaunchScreen.storyboard in Resources */ = {isa = PBXBuildFile; fileRef = 6595E8B81F320668004C8CCA /* LaunchScreen.storyboard */; };
		6595E8C51F320668004C8CCA /* ProjectManagerIOSAppTests.swift in Sources */ = {isa = PBXBuildFile; fileRef = 6595E8C41F320668004C8CCA /* ProjectManagerIOSAppTests.swift */; };
		6595E8D01F320668004C8CCA /* ProjectManagerIOSAppUITests.swift in Sources */ = {isa = PBXBuildFile; fileRef = 6595E8CF1F320668004C8CCA /* ProjectManagerIOSAppUITests.swift */; };
		6595E8DF1F320CF6004C8CCA /* Task.swift in Sources */ = {isa = PBXBuildFile; fileRef = 6595E8DE1F320CF6004C8CCA /* Task.swift */; };
		6595E8E21F320ED8004C8CCA /* MyFunctions.swift in Sources */ = {isa = PBXBuildFile; fileRef = 6595E8E11F320ED8004C8CCA /* MyFunctions.swift */; };
		6595E8E41F321264004C8CCA /* Project.swift in Sources */ = {isa = PBXBuildFile; fileRef = 6595E8E31F321264004C8CCA /* Project.swift */; };
		6595E8E61F32140A004C8CCA /* DatabaseManagerRealm.swift in Sources */ = {isa = PBXBuildFile; fileRef = 6595E8E51F32140A004C8CCA /* DatabaseManagerRealm.swift */; };
		6595E8E91F325138004C8CCA /* ProjectTableViewController.swift in Sources */ = {isa = PBXBuildFile; fileRef = 6595E8E81F325138004C8CCA /* ProjectTableViewController.swift */; };
		6595E8EB1F325C5A004C8CCA /* ProjectTableViewCell.swift in Sources */ = {isa = PBXBuildFile; fileRef = 6595E8EA1F325C5A004C8CCA /* ProjectTableViewCell.swift */; };
		65B34AAD1F3E29E9005B0287 /* NotesTableViewController.swift in Sources */ = {isa = PBXBuildFile; fileRef = 65B34AAC1F3E29E9005B0287 /* NotesTableViewController.swift */; };
		65B34AAF1F3E2A11005B0287 /* TasksTableViewController.swift in Sources */ = {isa = PBXBuildFile; fileRef = 65B34AAE1F3E2A11005B0287 /* TasksTableViewController.swift */; };
		65B34AB11F3E2A57005B0287 /* TasksTableViewCell.swift in Sources */ = {isa = PBXBuildFile; fileRef = 65B34AB01F3E2A57005B0287 /* TasksTableViewCell.swift */; };
		65B34AB31F3E2B60005B0287 /* NotesTableViewCell.swift in Sources */ = {isa = PBXBuildFile; fileRef = 65B34AB21F3E2B60005B0287 /* NotesTableViewCell.swift */; };
		65F9EC691F32E01600DB446E /* MyNotes.swift in Sources */ = {isa = PBXBuildFile; fileRef = 65F9EC681F32E01600DB446E /* MyNotes.swift */; };
		65F9EC6B1F3417D900DB446E /* Extentions.swift in Sources */ = {isa = PBXBuildFile; fileRef = 65F9EC6A1F3417D900DB446E /* Extentions.swift */; };
		8DEF165B34B73B9EA0DA9970 /* Pods_ProjectManagerIOSAppUITests.framework in Frameworks */ = {isa = PBXBuildFile; fileRef = F182849F489DDCD745B77FF8 /* Pods_ProjectManagerIOSAppUITests.framework */; };
		E079AE4AB7B4C7C7CC098FAA /* Pods_ProjectManagerIOSAppTests.framework in Frameworks */ = {isa = PBXBuildFile; fileRef = 45AA179F33D0DD4E884C825E /* Pods_ProjectManagerIOSAppTests.framework */; };
		EA319CEBEF17187B4DAA5272 /* Pods_ProjectManagerIOSApp.framework in Frameworks */ = {isa = PBXBuildFile; fileRef = 372614E48EBE0A30FA3A1483 /* Pods_ProjectManagerIOSApp.framework */; };
/* End PBXBuildFile section */

/* Begin PBXContainerItemProxy section */
		6595E8C11F320668004C8CCA /* PBXContainerItemProxy */ = {
			isa = PBXContainerItemProxy;
			containerPortal = 6595E8A41F320668004C8CCA /* Project object */;
			proxyType = 1;
			remoteGlobalIDString = 6595E8AB1F320668004C8CCA;
			remoteInfo = ProjectManagerIOSApp;
		};
		6595E8CC1F320668004C8CCA /* PBXContainerItemProxy */ = {
			isa = PBXContainerItemProxy;
			containerPortal = 6595E8A41F320668004C8CCA /* Project object */;
			proxyType = 1;
			remoteGlobalIDString = 6595E8AB1F320668004C8CCA;
			remoteInfo = ProjectManagerIOSApp;
		};
/* End PBXContainerItemProxy section */

/* Begin PBXFileReference section */
		1ED440803C2147275421DE04 /* Pods-ProjectManagerIOSAppUITests.debug.xcconfig */ = {isa = PBXFileReference; includeInIndex = 1; lastKnownFileType = text.xcconfig; name = "Pods-ProjectManagerIOSAppUITests.debug.xcconfig"; path = "Pods/Target Support Files/Pods-ProjectManagerIOSAppUITests/Pods-ProjectManagerIOSAppUITests.debug.xcconfig"; sourceTree = "<group>"; };
		25D7B08A881ECFD2803B4606 /* Pods-ProjectManagerIOSAppTests.release.xcconfig */ = {isa = PBXFileReference; includeInIndex = 1; lastKnownFileType = text.xcconfig; name = "Pods-ProjectManagerIOSAppTests.release.xcconfig"; path = "Pods/Target Support Files/Pods-ProjectManagerIOSAppTests/Pods-ProjectManagerIOSAppTests.release.xcconfig"; sourceTree = "<group>"; };
		372614E48EBE0A30FA3A1483 /* Pods_ProjectManagerIOSApp.framework */ = {isa = PBXFileReference; explicitFileType = wrapper.framework; includeInIndex = 0; path = Pods_ProjectManagerIOSApp.framework; sourceTree = BUILT_PRODUCTS_DIR; };
		45AA179F33D0DD4E884C825E /* Pods_ProjectManagerIOSAppTests.framework */ = {isa = PBXFileReference; explicitFileType = wrapper.framework; includeInIndex = 0; path = Pods_ProjectManagerIOSAppTests.framework; sourceTree = BUILT_PRODUCTS_DIR; };
		523308D08F8AB99572423F04 /* Pods-ProjectManagerIOSAppTests.debug.xcconfig */ = {isa = PBXFileReference; includeInIndex = 1; lastKnownFileType = text.xcconfig; name = "Pods-ProjectManagerIOSAppTests.debug.xcconfig"; path = "Pods/Target Support Files/Pods-ProjectManagerIOSAppTests/Pods-ProjectManagerIOSAppTests.debug.xcconfig"; sourceTree = "<group>"; };
		6505AE451F429F11000BED1C /* AddTaskTableViewController.swift */ = {isa = PBXFileReference; fileEncoding = 4; lastKnownFileType = sourcecode.swift; path = AddTaskTableViewController.swift; sourceTree = "<group>"; };
		6505AE871F474B9D000BED1C /* ChartViewController.swift */ = {isa = PBXFileReference; fileEncoding = 4; lastKnownFileType = sourcecode.swift; path = ChartViewController.swift; sourceTree = "<group>"; };
		6595E8AC1F320668004C8CCA /* ProjectManagerIOSApp.app */ = {isa = PBXFileReference; explicitFileType = wrapper.application; includeInIndex = 0; path = ProjectManagerIOSApp.app; sourceTree = BUILT_PRODUCTS_DIR; };
		6595E8AF1F320668004C8CCA /* AppDelegate.swift */ = {isa = PBXFileReference; lastKnownFileType = sourcecode.swift; path = AppDelegate.swift; sourceTree = "<group>"; };
		6595E8B11F320668004C8CCA /* AddProjectViewController.swift */ = {isa = PBXFileReference; lastKnownFileType = sourcecode.swift; path = AddProjectViewController.swift; sourceTree = "<group>"; };
		6595E8B41F320668004C8CCA /* Base */ = {isa = PBXFileReference; lastKnownFileType = file.storyboard; name = Base; path = Base.lproj/Main.storyboard; sourceTree = "<group>"; };
		6595E8B61F320668004C8CCA /* Assets.xcassets */ = {isa = PBXFileReference; lastKnownFileType = folder.assetcatalog; path = Assets.xcassets; sourceTree = "<group>"; };
		6595E8B91F320668004C8CCA /* Base */ = {isa = PBXFileReference; lastKnownFileType = file.storyboard; name = Base; path = Base.lproj/LaunchScreen.storyboard; sourceTree = "<group>"; };
		6595E8BB1F320668004C8CCA /* Info.plist */ = {isa = PBXFileReference; lastKnownFileType = text.plist.xml; path = Info.plist; sourceTree = "<group>"; };
		6595E8C01F320668004C8CCA /* ProjectManagerIOSAppTests.xctest */ = {isa = PBXFileReference; explicitFileType = wrapper.cfbundle; includeInIndex = 0; path = ProjectManagerIOSAppTests.xctest; sourceTree = BUILT_PRODUCTS_DIR; };
		6595E8C41F320668004C8CCA /* ProjectManagerIOSAppTests.swift */ = {isa = PBXFileReference; lastKnownFileType = sourcecode.swift; path = ProjectManagerIOSAppTests.swift; sourceTree = "<group>"; };
		6595E8C61F320668004C8CCA /* Info.plist */ = {isa = PBXFileReference; lastKnownFileType = text.plist.xml; path = Info.plist; sourceTree = "<group>"; };
		6595E8CB1F320668004C8CCA /* ProjectManagerIOSAppUITests.xctest */ = {isa = PBXFileReference; explicitFileType = wrapper.cfbundle; includeInIndex = 0; path = ProjectManagerIOSAppUITests.xctest; sourceTree = BUILT_PRODUCTS_DIR; };
		6595E8CF1F320668004C8CCA /* ProjectManagerIOSAppUITests.swift */ = {isa = PBXFileReference; lastKnownFileType = sourcecode.swift; path = ProjectManagerIOSAppUITests.swift; sourceTree = "<group>"; };
		6595E8D11F320668004C8CCA /* Info.plist */ = {isa = PBXFileReference; lastKnownFileType = text.plist.xml; path = Info.plist; sourceTree = "<group>"; };
		6595E8DE1F320CF6004C8CCA /* Task.swift */ = {isa = PBXFileReference; fileEncoding = 4; lastKnownFileType = sourcecode.swift; path = Task.swift; sourceTree = "<group>"; };
		6595E8E11F320ED8004C8CCA /* MyFunctions.swift */ = {isa = PBXFileReference; fileEncoding = 4; lastKnownFileType = sourcecode.swift; path = MyFunctions.swift; sourceTree = "<group>"; };
		6595E8E31F321264004C8CCA /* Project.swift */ = {isa = PBXFileReference; fileEncoding = 4; lastKnownFileType = sourcecode.swift; path = Project.swift; sourceTree = "<group>"; };
		6595E8E51F32140A004C8CCA /* DatabaseManagerRealm.swift */ = {isa = PBXFileReference; fileEncoding = 4; lastKnownFileType = sourcecode.swift; path = DatabaseManagerRealm.swift; sourceTree = "<group>"; };
		6595E8E81F325138004C8CCA /* ProjectTableViewController.swift */ = {isa = PBXFileReference; fileEncoding = 4; lastKnownFileType = sourcecode.swift; path = ProjectTableViewController.swift; sourceTree = "<group>"; };
		6595E8EA1F325C5A004C8CCA /* ProjectTableViewCell.swift */ = {isa = PBXFileReference; fileEncoding = 4; lastKnownFileType = sourcecode.swift; path = ProjectTableViewCell.swift; sourceTree = "<group>"; };
		65B34AAC1F3E29E9005B0287 /* NotesTableViewController.swift */ = {isa = PBXFileReference; fileEncoding = 4; lastKnownFileType = sourcecode.swift; path = NotesTableViewController.swift; sourceTree = "<group>"; };
		65B34AAE1F3E2A11005B0287 /* TasksTableViewController.swift */ = {isa = PBXFileReference; fileEncoding = 4; lastKnownFileType = sourcecode.swift; path = TasksTableViewController.swift; sourceTree = "<group>"; };
		65B34AB01F3E2A57005B0287 /* TasksTableViewCell.swift */ = {isa = PBXFileReference; fileEncoding = 4; lastKnownFileType = sourcecode.swift; path = TasksTableViewCell.swift; sourceTree = "<group>"; };
		65B34AB21F3E2B60005B0287 /* NotesTableViewCell.swift */ = {isa = PBXFileReference; fileEncoding = 4; lastKnownFileType = sourcecode.swift; path = NotesTableViewCell.swift; sourceTree = "<group>"; };
		65F9EC681F32E01600DB446E /* MyNotes.swift */ = {isa = PBXFileReference; fileEncoding = 4; lastKnownFileType = sourcecode.swift; path = MyNotes.swift; sourceTree = "<group>"; };
		65F9EC6A1F3417D900DB446E /* Extentions.swift */ = {isa = PBXFileReference; fileEncoding = 4; lastKnownFileType = sourcecode.swift; path = Extentions.swift; sourceTree = "<group>"; };
		86CCE740129B6A4F58676EC1 /* Pods-ProjectManagerIOSApp.release.xcconfig */ = {isa = PBXFileReference; includeInIndex = 1; lastKnownFileType = text.xcconfig; name = "Pods-ProjectManagerIOSApp.release.xcconfig"; path = "Pods/Target Support Files/Pods-ProjectManagerIOSApp/Pods-ProjectManagerIOSApp.release.xcconfig"; sourceTree = "<group>"; };
		9818B776F5F9D36E314F5AF1 /* Pods-ProjectManagerIOSApp.debug.xcconfig */ = {isa = PBXFileReference; includeInIndex = 1; lastKnownFileType = text.xcconfig; name = "Pods-ProjectManagerIOSApp.debug.xcconfig"; path = "Pods/Target Support Files/Pods-ProjectManagerIOSApp/Pods-ProjectManagerIOSApp.debug.xcconfig"; sourceTree = "<group>"; };
		9926C1FE19AF0846FBE287EA /* Pods-ProjectManagerIOSAppUITests.release.xcconfig */ = {isa = PBXFileReference; includeInIndex = 1; lastKnownFileType = text.xcconfig; name = "Pods-ProjectManagerIOSAppUITests.release.xcconfig"; path = "Pods/Target Support Files/Pods-ProjectManagerIOSAppUITests/Pods-ProjectManagerIOSAppUITests.release.xcconfig"; sourceTree = "<group>"; };
		F182849F489DDCD745B77FF8 /* Pods_ProjectManagerIOSAppUITests.framework */ = {isa = PBXFileReference; explicitFileType = wrapper.framework; includeInIndex = 0; path = Pods_ProjectManagerIOSAppUITests.framework; sourceTree = BUILT_PRODUCTS_DIR; };
/* End PBXFileReference section */

/* Begin PBXFrameworksBuildPhase section */
		6595E8A91F320668004C8CCA /* Frameworks */ = {
			isa = PBXFrameworksBuildPhase;
			buildActionMask = 2147483647;
			files = (
				EA319CEBEF17187B4DAA5272 /* Pods_ProjectManagerIOSApp.framework in Frameworks */,
			);
			runOnlyForDeploymentPostprocessing = 0;
		};
		6595E8BD1F320668004C8CCA /* Frameworks */ = {
			isa = PBXFrameworksBuildPhase;
			buildActionMask = 2147483647;
			files = (
				E079AE4AB7B4C7C7CC098FAA /* Pods_ProjectManagerIOSAppTests.framework in Frameworks */,
			);
			runOnlyForDeploymentPostprocessing = 0;
		};
		6595E8C81F320668004C8CCA /* Frameworks */ = {
			isa = PBXFrameworksBuildPhase;
			buildActionMask = 2147483647;
			files = (
				8DEF165B34B73B9EA0DA9970 /* Pods_ProjectManagerIOSAppUITests.framework in Frameworks */,
			);
			runOnlyForDeploymentPostprocessing = 0;
		};
/* End PBXFrameworksBuildPhase section */

/* Begin PBXGroup section */
		096D36F78716798D88F429C3 /* Frameworks */ = {
			isa = PBXGroup;
			children = (
				372614E48EBE0A30FA3A1483 /* Pods_ProjectManagerIOSApp.framework */,
				45AA179F33D0DD4E884C825E /* Pods_ProjectManagerIOSAppTests.framework */,
				F182849F489DDCD745B77FF8 /* Pods_ProjectManagerIOSAppUITests.framework */,
			);
			name = Frameworks;
			sourceTree = "<group>";
		};
		2B29C7A4355578CE8CF6BB4E /* Pods */ = {
			isa = PBXGroup;
			children = (
				9818B776F5F9D36E314F5AF1 /* Pods-ProjectManagerIOSApp.debug.xcconfig */,
				86CCE740129B6A4F58676EC1 /* Pods-ProjectManagerIOSApp.release.xcconfig */,
				523308D08F8AB99572423F04 /* Pods-ProjectManagerIOSAppTests.debug.xcconfig */,
				25D7B08A881ECFD2803B4606 /* Pods-ProjectManagerIOSAppTests.release.xcconfig */,
				1ED440803C2147275421DE04 /* Pods-ProjectManagerIOSAppUITests.debug.xcconfig */,
				9926C1FE19AF0846FBE287EA /* Pods-ProjectManagerIOSAppUITests.release.xcconfig */,
			);
			name = Pods;
			sourceTree = "<group>";
		};
		6595E8A31F320668004C8CCA = {
			isa = PBXGroup;
			children = (
				6595E8AE1F320668004C8CCA /* ProjectManagerIOSApp */,
				6595E8C31F320668004C8CCA /* ProjectManagerIOSAppTests */,
				6595E8CE1F320668004C8CCA /* ProjectManagerIOSAppUITests */,
				6595E8AD1F320668004C8CCA /* Products */,
				2B29C7A4355578CE8CF6BB4E /* Pods */,
				096D36F78716798D88F429C3 /* Frameworks */,
			);
			sourceTree = "<group>";
		};
		6595E8AD1F320668004C8CCA /* Products */ = {
			isa = PBXGroup;
			children = (
				6595E8AC1F320668004C8CCA /* ProjectManagerIOSApp.app */,
				6595E8C01F320668004C8CCA /* ProjectManagerIOSAppTests.xctest */,
				6595E8CB1F320668004C8CCA /* ProjectManagerIOSAppUITests.xctest */,
			);
			name = Products;
			sourceTree = "<group>";
		};
		6595E8AE1F320668004C8CCA /* ProjectManagerIOSApp */ = {
			isa = PBXGroup;
			children = (
				6595E8B31F320668004C8CCA /* Main.storyboard */,
				6595E8B11F320668004C8CCA /* AddProjectViewController.swift */,
				6595E8E81F325138004C8CCA /* ProjectTableViewController.swift */,
				6595E8EA1F325C5A004C8CCA /* ProjectTableViewCell.swift */,
				65B34AAC1F3E29E9005B0287 /* NotesTableViewController.swift */,
				65B34AB21F3E2B60005B0287 /* NotesTableViewCell.swift */,
				65B34AAE1F3E2A11005B0287 /* TasksTableViewController.swift */,
				65B34AB01F3E2A57005B0287 /* TasksTableViewCell.swift */,
				6505AE451F429F11000BED1C /* AddTaskTableViewController.swift */,
				6505AE871F474B9D000BED1C /* ChartViewController.swift */,
				65F9EC6A1F3417D900DB446E /* Extentions.swift */,
				6595E8E01F320D04004C8CCA /* Model */,
				6595E8DD1F320CD4004C8CCA /* Service */,
			);
			path = ProjectManagerIOSApp;
			sourceTree = "<group>";
		};
		6595E8C31F320668004C8CCA /* ProjectManagerIOSAppTests */ = {
			isa = PBXGroup;
			children = (
				6595E8C41F320668004C8CCA /* ProjectManagerIOSAppTests.swift */,
				6595E8C61F320668004C8CCA /* Info.plist */,
			);
			path = ProjectManagerIOSAppTests;
			sourceTree = "<group>";
		};
		6595E8CE1F320668004C8CCA /* ProjectManagerIOSAppUITests */ = {
			isa = PBXGroup;
			children = (
				6595E8CF1F320668004C8CCA /* ProjectManagerIOSAppUITests.swift */,
				6595E8D11F320668004C8CCA /* Info.plist */,
			);
			path = ProjectManagerIOSAppUITests;
			sourceTree = "<group>";
		};
		6595E8DD1F320CD4004C8CCA /* Service */ = {
			isa = PBXGroup;
			children = (
				6595E8AF1F320668004C8CCA /* AppDelegate.swift */,
				6595E8B61F320668004C8CCA /* Assets.xcassets */,
				6595E8B81F320668004C8CCA /* LaunchScreen.storyboard */,
				6595E8BB1F320668004C8CCA /* Info.plist */,
			);
			name = Service;
			sourceTree = "<group>";
		};
		6595E8E01F320D04004C8CCA /* Model */ = {
			isa = PBXGroup;
			children = (
				6595E8DE1F320CF6004C8CCA /* Task.swift */,
				6595E8E11F320ED8004C8CCA /* MyFunctions.swift */,
				65F9EC681F32E01600DB446E /* MyNotes.swift */,
				6595E8E31F321264004C8CCA /* Project.swift */,
				6595E8E51F32140A004C8CCA /* DatabaseManagerRealm.swift */,
			);
			name = Model;
			sourceTree = "<group>";
		};
/* End PBXGroup section */

/* Begin PBXNativeTarget section */
		6595E8AB1F320668004C8CCA /* ProjectManagerIOSApp */ = {
			isa = PBXNativeTarget;
			buildConfigurationList = 6595E8D41F320668004C8CCA /* Build configuration list for PBXNativeTarget "ProjectManagerIOSApp" */;
			buildPhases = (
				736D74B4588CC94092576CC1 /* [CP] Check Pods Manifest.lock */,
				6595E8A81F320668004C8CCA /* Sources */,
				6595E8A91F320668004C8CCA /* Frameworks */,
				6595E8AA1F320668004C8CCA /* Resources */,
				4F91585005757CFEC480183F /* [CP] Embed Pods Frameworks */,
				6785671F13193C1A9AEDAB69 /* [CP] Copy Pods Resources */,
			);
			buildRules = (
			);
			dependencies = (
			);
			name = ProjectManagerIOSApp;
			productName = ProjectManagerIOSApp;
			productReference = 6595E8AC1F320668004C8CCA /* ProjectManagerIOSApp.app */;
			productType = "com.apple.product-type.application";
		};
		6595E8BF1F320668004C8CCA /* ProjectManagerIOSAppTests */ = {
			isa = PBXNativeTarget;
			buildConfigurationList = 6595E8D71F320668004C8CCA /* Build configuration list for PBXNativeTarget "ProjectManagerIOSAppTests" */;
			buildPhases = (
				305D16A444F8260A5E812031 /* [CP] Check Pods Manifest.lock */,
				6595E8BC1F320668004C8CCA /* Sources */,
				6595E8BD1F320668004C8CCA /* Frameworks */,
				6595E8BE1F320668004C8CCA /* Resources */,
				598FD4FE2052D94101A2B88C /* [CP] Embed Pods Frameworks */,
				B1BD040FAAEDFB7C42BD6A3C /* [CP] Copy Pods Resources */,
			);
			buildRules = (
			);
			dependencies = (
				6595E8C21F320668004C8CCA /* PBXTargetDependency */,
			);
			name = ProjectManagerIOSAppTests;
			productName = ProjectManagerIOSAppTests;
			productReference = 6595E8C01F320668004C8CCA /* ProjectManagerIOSAppTests.xctest */;
			productType = "com.apple.product-type.bundle.unit-test";
		};
		6595E8CA1F320668004C8CCA /* ProjectManagerIOSAppUITests */ = {
			isa = PBXNativeTarget;
			buildConfigurationList = 6595E8DA1F320668004C8CCA /* Build configuration list for PBXNativeTarget "ProjectManagerIOSAppUITests" */;
			buildPhases = (
				4FAF7A05211A4D4D7C975553 /* [CP] Check Pods Manifest.lock */,
				6595E8C71F320668004C8CCA /* Sources */,
				6595E8C81F320668004C8CCA /* Frameworks */,
				6595E8C91F320668004C8CCA /* Resources */,
				5D0AA8EF795A6967B709BEB5 /* [CP] Embed Pods Frameworks */,
				E29FBDA228A47382B3C9BD73 /* [CP] Copy Pods Resources */,
			);
			buildRules = (
			);
			dependencies = (
				6595E8CD1F320668004C8CCA /* PBXTargetDependency */,
			);
			name = ProjectManagerIOSAppUITests;
			productName = ProjectManagerIOSAppUITests;
			productReference = 6595E8CB1F320668004C8CCA /* ProjectManagerIOSAppUITests.xctest */;
			productType = "com.apple.product-type.bundle.ui-testing";
		};
/* End PBXNativeTarget section */

/* Begin PBXProject section */
		6595E8A41F320668004C8CCA /* Project object */ = {
			isa = PBXProject;
			attributes = {
				LastSwiftUpdateCheck = 0830;
				LastUpgradeCheck = 0830;
				ORGANIZATIONNAME = "Siamak Mohseni Sam";
				TargetAttributes = {
					6595E8AB1F320668004C8CCA = {
						CreatedOnToolsVersion = 8.3.3;
						DevelopmentTeam = 692469669X;
						ProvisioningStyle = Automatic;
					};
					6595E8BF1F320668004C8CCA = {
						CreatedOnToolsVersion = 8.3.3;
						ProvisioningStyle = Automatic;
						TestTargetID = 6595E8AB1F320668004C8CCA;
					};
					6595E8CA1F320668004C8CCA = {
						CreatedOnToolsVersion = 8.3.3;
						ProvisioningStyle = Automatic;
						TestTargetID = 6595E8AB1F320668004C8CCA;
					};
				};
			};
			buildConfigurationList = 6595E8A71F320668004C8CCA /* Build configuration list for PBXProject "ProjectManagerIOSApp" */;
			compatibilityVersion = "Xcode 3.2";
			developmentRegion = English;
			hasScannedForEncodings = 0;
			knownRegions = (
				en,
				Base,
			);
			mainGroup = 6595E8A31F320668004C8CCA;
			productRefGroup = 6595E8AD1F320668004C8CCA /* Products */;
			projectDirPath = "";
			projectRoot = "";
			targets = (
				6595E8AB1F320668004C8CCA /* ProjectManagerIOSApp */,
				6595E8BF1F320668004C8CCA /* ProjectManagerIOSAppTests */,
				6595E8CA1F320668004C8CCA /* ProjectManagerIOSAppUITests */,
			);
		};
/* End PBXProject section */

/* Begin PBXResourcesBuildPhase section */
		6595E8AA1F320668004C8CCA /* Resources */ = {
			isa = PBXResourcesBuildPhase;
			buildActionMask = 2147483647;
			files = (
				6595E8BA1F320668004C8CCA /* LaunchScreen.storyboard in Resources */,
				6595E8B71F320668004C8CCA /* Assets.xcassets in Resources */,
				6595E8B51F320668004C8CCA /* Main.storyboard in Resources */,
			);
			runOnlyForDeploymentPostprocessing = 0;
		};
		6595E8BE1F320668004C8CCA /* Resources */ = {
			isa = PBXResourcesBuildPhase;
			buildActionMask = 2147483647;
			files = (
			);
			runOnlyForDeploymentPostprocessing = 0;
		};
		6595E8C91F320668004C8CCA /* Resources */ = {
			isa = PBXResourcesBuildPhase;
			buildActionMask = 2147483647;
			files = (
			);
			runOnlyForDeploymentPostprocessing = 0;
		};
/* End PBXResourcesBuildPhase section */

/* Begin PBXShellScriptBuildPhase section */
		305D16A444F8260A5E812031 /* [CP] Check Pods Manifest.lock */ = {
			isa = PBXShellScriptBuildPhase;
			buildActionMask = 2147483647;
			files = (
			);
			inputPaths = (
			);
			name = "[CP] Check Pods Manifest.lock";
			outputPaths = (
			);
			runOnlyForDeploymentPostprocessing = 0;
			shellPath = /bin/sh;
			shellScript = "diff \"${PODS_PODFILE_DIR_PATH}/Podfile.lock\" \"${PODS_ROOT}/Manifest.lock\" > /dev/null\nif [ $? != 0 ] ; then\n    # print error to STDERR\n    echo \"error: The sandbox is not in sync with the Podfile.lock. Run 'pod install' or update your CocoaPods installation.\" >&2\n    exit 1\nfi\n";
			showEnvVarsInLog = 0;
		};
		4F91585005757CFEC480183F /* [CP] Embed Pods Frameworks */ = {
			isa = PBXShellScriptBuildPhase;
			buildActionMask = 2147483647;
			files = (
			);
			inputPaths = (
			);
			name = "[CP] Embed Pods Frameworks";
			outputPaths = (
			);
			runOnlyForDeploymentPostprocessing = 0;
			shellPath = /bin/sh;
			shellScript = "\"${SRCROOT}/Pods/Target Support Files/Pods-ProjectManagerIOSApp/Pods-ProjectManagerIOSApp-frameworks.sh\"\n";
			showEnvVarsInLog = 0;
		};
		4FAF7A05211A4D4D7C975553 /* [CP] Check Pods Manifest.lock */ = {
			isa = PBXShellScriptBuildPhase;
			buildActionMask = 2147483647;
			files = (
			);
			inputPaths = (
			);
			name = "[CP] Check Pods Manifest.lock";
			outputPaths = (
			);
			runOnlyForDeploymentPostprocessing = 0;
			shellPath = /bin/sh;
			shellScript = "diff \"${PODS_PODFILE_DIR_PATH}/Podfile.lock\" \"${PODS_ROOT}/Manifest.lock\" > /dev/null\nif [ $? != 0 ] ; then\n    # print error to STDERR\n    echo \"error: The sandbox is not in sync with the Podfile.lock. Run 'pod install' or update your CocoaPods installation.\" >&2\n    exit 1\nfi\n";
			showEnvVarsInLog = 0;
		};
		598FD4FE2052D94101A2B88C /* [CP] Embed Pods Frameworks */ = {
			isa = PBXShellScriptBuildPhase;
			buildActionMask = 2147483647;
			files = (
			);
			inputPaths = (
			);
			name = "[CP] Embed Pods Frameworks";
			outputPaths = (
			);
			runOnlyForDeploymentPostprocessing = 0;
			shellPath = /bin/sh;
			shellScript = "\"${SRCROOT}/Pods/Target Support Files/Pods-ProjectManagerIOSAppTests/Pods-ProjectManagerIOSAppTests-frameworks.sh\"\n";
			showEnvVarsInLog = 0;
		};
		5D0AA8EF795A6967B709BEB5 /* [CP] Embed Pods Frameworks */ = {
			isa = PBXShellScriptBuildPhase;
			buildActionMask = 2147483647;
			files = (
			);
			inputPaths = (
			);
			name = "[CP] Embed Pods Frameworks";
			outputPaths = (
			);
			runOnlyForDeploymentPostprocessing = 0;
			shellPath = /bin/sh;
			shellScript = "\"${SRCROOT}/Pods/Target Support Files/Pods-ProjectManagerIOSAppUITests/Pods-ProjectManagerIOSAppUITests-frameworks.sh\"\n";
			showEnvVarsInLog = 0;
		};
		6785671F13193C1A9AEDAB69 /* [CP] Copy Pods Resources */ = {
			isa = PBXShellScriptBuildPhase;
			buildActionMask = 2147483647;
			files = (
			);
			inputPaths = (
			);
			name = "[CP] Copy Pods Resources";
			outputPaths = (
			);
			runOnlyForDeploymentPostprocessing = 0;
			shellPath = /bin/sh;
			shellScript = "\"${SRCROOT}/Pods/Target Support Files/Pods-ProjectManagerIOSApp/Pods-ProjectManagerIOSApp-resources.sh\"\n";
			showEnvVarsInLog = 0;
		};
		736D74B4588CC94092576CC1 /* [CP] Check Pods Manifest.lock */ = {
			isa = PBXShellScriptBuildPhase;
			buildActionMask = 2147483647;
			files = (
			);
			inputPaths = (
			);
			name = "[CP] Check Pods Manifest.lock";
			outputPaths = (
			);
			runOnlyForDeploymentPostprocessing = 0;
			shellPath = /bin/sh;
			shellScript = "diff \"${PODS_PODFILE_DIR_PATH}/Podfile.lock\" \"${PODS_ROOT}/Manifest.lock\" > /dev/null\nif [ $? != 0 ] ; then\n    # print error to STDERR\n    echo \"error: The sandbox is not in sync with the Podfile.lock. Run 'pod install' or update your CocoaPods installation.\" >&2\n    exit 1\nfi\n";
			showEnvVarsInLog = 0;
		};
		B1BD040FAAEDFB7C42BD6A3C /* [CP] Copy Pods Resources */ = {
			isa = PBXShellScriptBuildPhase;
			buildActionMask = 2147483647;
			files = (
			);
			inputPaths = (
			);
			name = "[CP] Copy Pods Resources";
			outputPaths = (
			);
			runOnlyForDeploymentPostprocessing = 0;
			shellPath = /bin/sh;
			shellScript = "\"${SRCROOT}/Pods/Target Support Files/Pods-ProjectManagerIOSAppTests/Pods-ProjectManagerIOSAppTests-resources.sh\"\n";
			showEnvVarsInLog = 0;
		};
		E29FBDA228A47382B3C9BD73 /* [CP] Copy Pods Resources */ = {
			isa = PBXShellScriptBuildPhase;
			buildActionMask = 2147483647;
			files = (
			);
			inputPaths = (
			);
			name = "[CP] Copy Pods Resources";
			outputPaths = (
			);
			runOnlyForDeploymentPostprocessing = 0;
			shellPath = /bin/sh;
			shellScript = "\"${SRCROOT}/Pods/Target Support Files/Pods-ProjectManagerIOSAppUITests/Pods-ProjectManagerIOSAppUITests-resources.sh\"\n";
			showEnvVarsInLog = 0;
		};
/* End PBXShellScriptBuildPhase section */

/* Begin PBXSourcesBuildPhase section */
		6595E8A81F320668004C8CCA /* Sources */ = {
			isa = PBXSourcesBuildPhase;
			buildActionMask = 2147483647;
			files = (
				6595E8B21F320668004C8CCA /* AddProjectViewController.swift in Sources */,
				65B34AAD1F3E29E9005B0287 /* NotesTableViewController.swift in Sources */,
				65B34AB11F3E2A57005B0287 /* TasksTableViewCell.swift in Sources */,
				6595E8DF1F320CF6004C8CCA /* Task.swift in Sources */,
				65F9EC6B1F3417D900DB446E /* Extentions.swift in Sources */,
				6505AE881F474B9D000BED1C /* ChartViewController.swift in Sources */,
				65B34AB31F3E2B60005B0287 /* NotesTableViewCell.swift in Sources */,
				6595E8E21F320ED8004C8CCA /* MyFunctions.swift in Sources */,
				6595E8E61F32140A004C8CCA /* DatabaseManagerRealm.swift in Sources */,
				6595E8E41F321264004C8CCA /* Project.swift in Sources */,
				65F9EC691F32E01600DB446E /* MyNotes.swift in Sources */,
				6595E8E91F325138004C8CCA /* ProjectTableViewController.swift in Sources */,
				6505AE461F429F11000BED1C /* AddTaskTableViewController.swift in Sources */,
				6595E8B01F320668004C8CCA /* AppDelegate.swift in Sources */,
				65B34AAF1F3E2A11005B0287 /* TasksTableViewController.swift in Sources */,
				6595E8EB1F325C5A004C8CCA /* ProjectTableViewCell.swift in Sources */,
			);
			runOnlyForDeploymentPostprocessing = 0;
		};
		6595E8BC1F320668004C8CCA /* Sources */ = {
			isa = PBXSourcesBuildPhase;
			buildActionMask = 2147483647;
			files = (
				6595E8C51F320668004C8CCA /* ProjectManagerIOSAppTests.swift in Sources */,
			);
			runOnlyForDeploymentPostprocessing = 0;
		};
		6595E8C71F320668004C8CCA /* Sources */ = {
			isa = PBXSourcesBuildPhase;
			buildActionMask = 2147483647;
			files = (
				6595E8D01F320668004C8CCA /* ProjectManagerIOSAppUITests.swift in Sources */,
			);
			runOnlyForDeploymentPostprocessing = 0;
		};
/* End PBXSourcesBuildPhase section */

/* Begin PBXTargetDependency section */
		6595E8C21F320668004C8CCA /* PBXTargetDependency */ = {
			isa = PBXTargetDependency;
			target = 6595E8AB1F320668004C8CCA /* ProjectManagerIOSApp */;
			targetProxy = 6595E8C11F320668004C8CCA /* PBXContainerItemProxy */;
		};
		6595E8CD1F320668004C8CCA /* PBXTargetDependency */ = {
			isa = PBXTargetDependency;
			target = 6595E8AB1F320668004C8CCA /* ProjectManagerIOSApp */;
			targetProxy = 6595E8CC1F320668004C8CCA /* PBXContainerItemProxy */;
		};
/* End PBXTargetDependency section */

/* Begin PBXVariantGroup section */
		6595E8B31F320668004C8CCA /* Main.storyboard */ = {
			isa = PBXVariantGroup;
			children = (
				6595E8B41F320668004C8CCA /* Base */,
			);
			name = Main.storyboard;
			sourceTree = "<group>";
		};
		6595E8B81F320668004C8CCA /* LaunchScreen.storyboard */ = {
			isa = PBXVariantGroup;
			children = (
				6595E8B91F320668004C8CCA /* Base */,
			);
			name = LaunchScreen.storyboard;
			sourceTree = "<group>";
		};
/* End PBXVariantGroup section */

/* Begin XCBuildConfiguration section */
		6595E8D21F320668004C8CCA /* Debug */ = {
			isa = XCBuildConfiguration;
			buildSettings = {
				ALWAYS_SEARCH_USER_PATHS = NO;
				CLANG_ANALYZER_NONNULL = YES;
				CLANG_ANALYZER_NUMBER_OBJECT_CONVERSION = YES_AGGRESSIVE;
				CLANG_CXX_LANGUAGE_STANDARD = "gnu++0x";
				CLANG_CXX_LIBRARY = "libc++";
				CLANG_ENABLE_MODULES = YES;
				CLANG_ENABLE_OBJC_ARC = YES;
				CLANG_WARN_BOOL_CONVERSION = YES;
				CLANG_WARN_CONSTANT_CONVERSION = YES;
				CLANG_WARN_DIRECT_OBJC_ISA_USAGE = YES_ERROR;
				CLANG_WARN_DOCUMENTATION_COMMENTS = YES;
				CLANG_WARN_EMPTY_BODY = YES;
				CLANG_WARN_ENUM_CONVERSION = YES;
				CLANG_WARN_INFINITE_RECURSION = YES;
				CLANG_WARN_INT_CONVERSION = YES;
				CLANG_WARN_OBJC_ROOT_CLASS = YES_ERROR;
				CLANG_WARN_SUSPICIOUS_MOVE = YES;
				CLANG_WARN_UNREACHABLE_CODE = YES;
				CLANG_WARN__DUPLICATE_METHOD_MATCH = YES;
				"CODE_SIGN_IDENTITY[sdk=iphoneos*]" = "iPhone Developer";
				COPY_PHASE_STRIP = NO;
				DEBUG_INFORMATION_FORMAT = dwarf;
				ENABLE_STRICT_OBJC_MSGSEND = YES;
				ENABLE_TESTABILITY = YES;
				GCC_C_LANGUAGE_STANDARD = gnu99;
				GCC_DYNAMIC_NO_PIC = NO;
				GCC_NO_COMMON_BLOCKS = YES;
				GCC_OPTIMIZATION_LEVEL = 0;
				GCC_PREPROCESSOR_DEFINITIONS = (
					"DEBUG=1",
					"$(inherited)",
				);
				GCC_WARN_64_TO_32_BIT_CONVERSION = YES;
				GCC_WARN_ABOUT_RETURN_TYPE = YES_ERROR;
				GCC_WARN_UNDECLARED_SELECTOR = YES;
				GCC_WARN_UNINITIALIZED_AUTOS = YES_AGGRESSIVE;
				GCC_WARN_UNUSED_FUNCTION = YES;
				GCC_WARN_UNUSED_VARIABLE = YES;
				IPHONEOS_DEPLOYMENT_TARGET = 10.3;
				MTL_ENABLE_DEBUG_INFO = YES;
				ONLY_ACTIVE_ARCH = YES;
				SDKROOT = iphoneos;
				SWIFT_ACTIVE_COMPILATION_CONDITIONS = DEBUG;
				SWIFT_OPTIMIZATION_LEVEL = "-Onone";
				TARGETED_DEVICE_FAMILY = "1,2";
			};
			name = Debug;
		};
		6595E8D31F320668004C8CCA /* Release */ = {
			isa = XCBuildConfiguration;
			buildSettings = {
				ALWAYS_SEARCH_USER_PATHS = NO;
				CLANG_ANALYZER_NONNULL = YES;
				CLANG_ANALYZER_NUMBER_OBJECT_CONVERSION = YES_AGGRESSIVE;
				CLANG_CXX_LANGUAGE_STANDARD = "gnu++0x";
				CLANG_CXX_LIBRARY = "libc++";
				CLANG_ENABLE_MODULES = YES;
				CLANG_ENABLE_OBJC_ARC = YES;
				CLANG_WARN_BOOL_CONVERSION = YES;
				CLANG_WARN_CONSTANT_CONVERSION = YES;
				CLANG_WARN_DIRECT_OBJC_ISA_USAGE = YES_ERROR;
				CLANG_WARN_DOCUMENTATION_COMMENTS = YES;
				CLANG_WARN_EMPTY_BODY = YES;
				CLANG_WARN_ENUM_CONVERSION = YES;
				CLANG_WARN_INFINITE_RECURSION = YES;
				CLANG_WARN_INT_CONVERSION = YES;
				CLANG_WARN_OBJC_ROOT_CLASS = YES_ERROR;
				CLANG_WARN_SUSPICIOUS_MOVE = YES;
				CLANG_WARN_UNREACHABLE_CODE = YES;
				CLANG_WARN__DUPLICATE_METHOD_MATCH = YES;
				"CODE_SIGN_IDENTITY[sdk=iphoneos*]" = "iPhone Developer";
				COPY_PHASE_STRIP = NO;
				DEBUG_INFORMATION_FORMAT = "dwarf-with-dsym";
				ENABLE_NS_ASSERTIONS = NO;
				ENABLE_STRICT_OBJC_MSGSEND = YES;
				GCC_C_LANGUAGE_STANDARD = gnu99;
				GCC_NO_COMMON_BLOCKS = YES;
				GCC_WARN_64_TO_32_BIT_CONVERSION = YES;
				GCC_WARN_ABOUT_RETURN_TYPE = YES_ERROR;
				GCC_WARN_UNDECLARED_SELECTOR = YES;
				GCC_WARN_UNINITIALIZED_AUTOS = YES_AGGRESSIVE;
				GCC_WARN_UNUSED_FUNCTION = YES;
				GCC_WARN_UNUSED_VARIABLE = YES;
				IPHONEOS_DEPLOYMENT_TARGET = 10.3;
				MTL_ENABLE_DEBUG_INFO = NO;
				SDKROOT = iphoneos;
				SWIFT_OPTIMIZATION_LEVEL = "-Owholemodule";
				TARGETED_DEVICE_FAMILY = "1,2";
				VALIDATE_PRODUCT = YES;
			};
			name = Release;
		};
		6595E8D51F320668004C8CCA /* Debug */ = {
			isa = XCBuildConfiguration;
			baseConfigurationReference = 9818B776F5F9D36E314F5AF1 /* Pods-ProjectManagerIOSApp.debug.xcconfig */;
			buildSettings = {
				ASSETCATALOG_COMPILER_APPICON_NAME = AppIcon;
				DEVELOPMENT_TEAM = 692469669X;
				INFOPLIST_FILE = ProjectManagerIOSApp/Info.plist;
				IPHONEOS_DEPLOYMENT_TARGET = 10.3;
				LD_RUNPATH_SEARCH_PATHS = "$(inherited) @executable_path/Frameworks";
				PRODUCT_BUNDLE_IDENTIFIER = com.ios.sam.ProjectManagerIOSApp;
				PRODUCT_NAME = "$(TARGET_NAME)";
				SWIFT_VERSION = 3.0;
			};
			name = Debug;
		};
		6595E8D61F320668004C8CCA /* Release */ = {
			isa = XCBuildConfiguration;
			baseConfigurationReference = 86CCE740129B6A4F58676EC1 /* Pods-ProjectManagerIOSApp.release.xcconfig */;
			buildSettings = {
				ASSETCATALOG_COMPILER_APPICON_NAME = AppIcon;
				DEVELOPMENT_TEAM = 692469669X;
				INFOPLIST_FILE = ProjectManagerIOSApp/Info.plist;
				IPHONEOS_DEPLOYMENT_TARGET = 10.3;
				LD_RUNPATH_SEARCH_PATHS = "$(inherited) @executable_path/Frameworks";
				PRODUCT_BUNDLE_IDENTIFIER = com.ios.sam.ProjectManagerIOSApp;
				PRODUCT_NAME = "$(TARGET_NAME)";
				SWIFT_VERSION = 3.0;
			};
			name = Release;
		};
		6595E8D81F320668004C8CCA /* Debug */ = {
			isa = XCBuildConfiguration;
			baseConfigurationReference = 523308D08F8AB99572423F04 /* Pods-ProjectManagerIOSAppTests.debug.xcconfig */;
			buildSettings = {
				ALWAYS_EMBED_SWIFT_STANDARD_LIBRARIES = YES;
				BUNDLE_LOADER = "$(TEST_HOST)";
				INFOPLIST_FILE = ProjectManagerIOSAppTests/Info.plist;
				LD_RUNPATH_SEARCH_PATHS = "$(inherited) @executable_path/Frameworks @loader_path/Frameworks";
				PRODUCT_BUNDLE_IDENTIFIER = com.ios.sam.ProjectManagerIOSAppTests;
				PRODUCT_NAME = "$(TARGET_NAME)";
				SWIFT_VERSION = 3.0;
				TEST_HOST = "$(BUILT_PRODUCTS_DIR)/ProjectManagerIOSApp.app/ProjectManagerIOSApp";
			};
			name = Debug;
		};
		6595E8D91F320668004C8CCA /* Release */ = {
			isa = XCBuildConfiguration;
			baseConfigurationReference = 25D7B08A881ECFD2803B4606 /* Pods-ProjectManagerIOSAppTests.release.xcconfig */;
			buildSettings = {
				ALWAYS_EMBED_SWIFT_STANDARD_LIBRARIES = YES;
				BUNDLE_LOADER = "$(TEST_HOST)";
				INFOPLIST_FILE = ProjectManagerIOSAppTests/Info.plist;
				LD_RUNPATH_SEARCH_PATHS = "$(inherited) @executable_path/Frameworks @loader_path/Frameworks";
				PRODUCT_BUNDLE_IDENTIFIER = com.ios.sam.ProjectManagerIOSAppTests;
				PRODUCT_NAME = "$(TARGET_NAME)";
				SWIFT_VERSION = 3.0;
				TEST_HOST = "$(BUILT_PRODUCTS_DIR)/ProjectManagerIOSApp.app/ProjectManagerIOSApp";
			};
			name = Release;
		};
		6595E8DB1F320668004C8CCA /* Debug */ = {
			isa = XCBuildConfiguration;
			baseConfigurationReference = 1ED440803C2147275421DE04 /* Pods-ProjectManagerIOSAppUITests.debug.xcconfig */;
			buildSettings = {
				ALWAYS_EMBED_SWIFT_STANDARD_LIBRARIES = YES;
				INFOPLIST_FILE = ProjectManagerIOSAppUITests/Info.plist;
				LD_RUNPATH_SEARCH_PATHS = "$(inherited) @executable_path/Frameworks @loader_path/Frameworks";
				PRODUCT_BUNDLE_IDENTIFIER = com.ios.sam.ProjectManagerIOSAppUITests;
				PRODUCT_NAME = "$(TARGET_NAME)";
				SWIFT_VERSION = 3.0;
				TEST_TARGET_NAME = ProjectManagerIOSApp;
			};
			name = Debug;
		};
		6595E8DC1F320668004C8CCA /* Release */ = {
			isa = XCBuildConfiguration;
			baseConfigurationReference = 9926C1FE19AF0846FBE287EA /* Pods-ProjectManagerIOSAppUITests.release.xcconfig */;
			buildSettings = {
				ALWAYS_EMBED_SWIFT_STANDARD_LIBRARIES = YES;
				INFOPLIST_FILE = ProjectManagerIOSAppUITests/Info.plist;
				LD_RUNPATH_SEARCH_PATHS = "$(inherited) @executable_path/Frameworks @loader_path/Frameworks";
				PRODUCT_BUNDLE_IDENTIFIER = com.ios.sam.ProjectManagerIOSAppUITests;
				PRODUCT_NAME = "$(TARGET_NAME)";
				SWIFT_VERSION = 3.0;
				TEST_TARGET_NAME = ProjectManagerIOSApp;
			};
			name = Release;
		};
/* End XCBuildConfiguration section */

/* Begin XCConfigurationList section */
		6595E8A71F320668004C8CCA /* Build configuration list for PBXProject "ProjectManagerIOSApp" */ = {
			isa = XCConfigurationList;
			buildConfigurations = (
				6595E8D21F320668004C8CCA /* Debug */,
				6595E8D31F320668004C8CCA /* Release */,
			);
			defaultConfigurationIsVisible = 0;
			defaultConfigurationName = Release;
		};
		6595E8D41F320668004C8CCA /* Build configuration list for PBXNativeTarget "ProjectManagerIOSApp" */ = {
			isa = XCConfigurationList;
			buildConfigurations = (
				6595E8D51F320668004C8CCA /* Debug */,
				6595E8D61F320668004C8CCA /* Release */,
			);
			defaultConfigurationIsVisible = 0;
			defaultConfigurationName = Release;
		};
		6595E8D71F320668004C8CCA /* Build configuration list for PBXNativeTarget "ProjectManagerIOSAppTests" */ = {
			isa = XCConfigurationList;
			buildConfigurations = (
				6595E8D81F320668004C8CCA /* Debug */,
				6595E8D91F320668004C8CCA /* Release */,
			);
			defaultConfigurationIsVisible = 0;
			defaultConfigurationName = Release;
		};
		6595E8DA1F320668004C8CCA /* Build configuration list for PBXNativeTarget "ProjectManagerIOSAppUITests" */ = {
			isa = XCConfigurationList;
			buildConfigurations = (
				6595E8DB1F320668004C8CCA /* Debug */,
				6595E8DC1F320668004C8CCA /* Release */,
			);
			defaultConfigurationIsVisible = 0;
			defaultConfigurationName = Release;
		};
/* End XCConfigurationList section */
	};
	rootObject = 6595E8A41F320668004C8CCA /* Project object */;
}
